PODS:
  - Bolts (1.8.4):
    - Bolts/AppLinks (= 1.8.4)
    - Bolts/Tasks (= 1.8.4)
  - Bolts/AppLinks (1.8.4):
    - Bolts/Tasks
  - Bolts/Tasks (1.8.4)
  - FBSDKCoreKit (4.21.0):
    - Bolts (~> 1.7)
  - FBSDKShareKit (4.21.0):
    - FBSDKCoreKit
  - FMDB (2.6.2):
    - FMDB/standard (= 2.6.2)
  - FMDB/standard (2.6.2)
  - Masonry (1.0.2)
  - MBProgressHUD (1.0.0)
  - OpenUDID (1.0.0)
  - Reachability (3.2)
  - SDWebImage (4.0.0):
    - SDWebImage/Core (= 4.0.0)
  - SDWebImage/Core (4.0.0)
  - WebViewJavascriptBridge (6.0.2)

DEPENDENCIES:
  - FBSDKShareKit
  - FMDB
  - Masonry
  - MBProgressHUD
  - OpenUDID
  - Reachability
  - SDWebImage
  - WebViewJavascriptBridge

SPEC CHECKSUMS:
  Bolts: 8a7995239dbe724f9cba2248b766d48b7ebdd322
  FBSDKCoreKit: 8a372ab194b5c7c26355c1920ef52dbeb44bc222
  FBSDKShareKit: 649a7acfd01a3e056a33994c1bfbb997814cc8a2
  FMDB: 854a0341b4726e53276f2a8996f06f1b80f9259a
  Masonry: 7c429b56da9d4ee0bbb3ed77a5ea710d6a5df39e
  MBProgressHUD: 4890f671c94e8a0f3cf959aa731e9de2f036d71a
  OpenUDID: e7cb6984c7304906ad20f3a36bf087b025896b6b
  Reachability: 33e18b67625424e47b6cde6d202dce689ad7af96
  SDWebImage: 76a6348bdc74eb5a55dd08a091ef298e56b55e41
  WebViewJavascriptBridge: 791ee0e26d1bf15efe5fb7fb9666a71a19b89d77

PODFILE CHECKSUM: f77f60fda784680fc40706c85df3a545ef6ce5dc

COCOAPODS: 1.1.1
